
Microsoft Visual Studio Solution File, Format Version 12.00
# Visual Studio Version 16
VisualStudioVersion = 16.0.31129.286
MinimumVisualStudioVersion = 10.0.40219.1
Project("{FAE04EC0-301F-11D3-BF4B-00C04F79EFBC}") = "ToDoListServer", "ToDoListServer\ToDoListServer.csproj", "{A21E361C-8F12-4994-8CDF-73063E8D276B}"
EndProject
Global
	GlobalSection(SolutionConfigurationPlatforms) = preSolution
		Debug|Any CPU = Debug|Any CPU
		Release|Any CPU = Release|Any CPU
	EndGlobalSection
	GlobalSection(ProjectConfigurationPlatforms) = postSolution
		{A21E361C-8F12-4994-8CDF-73063E8D276B}.Debug|Any CPU.ActiveCfg = Debug|Any CPU
		{A21E361C-8F12-4994-8CDF-73063E8D276B}.Debug|Any CPU.Build.0 = Debug|Any CPU
		{A21E361C-8F12-4994-8CDF-73063E8D276B}.Release|Any CPU.ActiveCfg = Release|Any CPU
		{A21E361C-8F12-4994-8CDF-73063E8D276B}.Release|Any CPU.Build.0 = Release|Any CPU
	EndGlobalSection
	GlobalSection(SolutionProperties) = preSolution
		HideSolutionNode = FALSE
	EndGlobalSection
	GlobalSection(ExtensibilityGlobals) = postSolution
		SolutionGuid = {1DB7DC9E-9243-4D2D-9936-18386EA27D61}
	EndGlobalSection
EndGlobal
